
Microsoft Visual Studio Solution File, Format Version 12.00
# Visual Studio 2012
Project("{8BC9CEB8-8B4A-11D0-8D11-00A0C91BC942}") = "diwuti", "diwuti\diwuti.vcxproj", "{69B06968-E135-40DF-9EAC-3814D537FC17}"
EndProject
Global
	GlobalSection(SolutionConfigurationPlatforms) = preSolution
		Debug|Win32 = Debug|Win32
		Release|Win32 = Release|Win32
	EndGlobalSection
	GlobalSection(ProjectConfigurationPlatforms) = postSolution
		{69B06968-E135-40DF-9EAC-3814D537FC17}.Debug|Win32.ActiveCfg = Debug|Win32
		{69B06968-E135-40DF-9EAC-3814D537FC17}.Debug|Win32.Build.0 = Debug|Win32
		{69B06968-E135-40DF-9EAC-3814D537FC17}.Release|Win32.ActiveCfg = Release|Win32
		{69B06968-E135-40DF-9EAC-3814D537FC17}.Release|Win32.Build.0 = Release|Win32
	EndGlobalSection
	GlobalSection(SolutionProperties) = preSolution
		HideSolutionNode = FALSE
	EndGlobalSection
EndGlobal
